
Microsoft Visual Studio Solution File, Format Version 12.00
# Visual Studio Version 17
VisualStudioVersion = 17.0.32112.339
MinimumVisualStudioVersion = 10.0.40219.1
Project("{FAE04EC0-301F-11D3-BF4B-00C04F79EFBC}") = "Ostrander_Lab12_PlayersDB", "Ostrander_Lab12_PlayersDB.csproj", "{7FA03DD0-7E68-485D-99C9-53A2CE40F757}"
EndProject
Project("{FAE04EC0-301F-11D3-BF4B-00C04F79EFBC}") = "DisplayPlayers", "..\DisplayPlayers\DisplayPlayers.csproj", "{3D5635B4-B8F3-4377-9461-444F05317EE8}"
EndProject
Global
	GlobalSection(SolutionConfigurationPlatforms) = preSolution
		Debug|Any CPU = Debug|Any CPU
		Release|Any CPU = Release|Any CPU
	EndGlobalSection
	GlobalSection(ProjectConfigurationPlatforms) = postSolution
		{7FA03DD0-7E68-485D-99C9-53A2CE40F757}.Debug|Any CPU.ActiveCfg = Debug|Any CPU
		{7FA03DD0-7E68-485D-99C9-53A2CE40F757}.Debug|Any CPU.Build.0 = Debug|Any CPU
		{7FA03DD0-7E68-485D-99C9-53A2CE40F757}.Release|Any CPU.ActiveCfg = Release|Any CPU
		{7FA03DD0-7E68-485D-99C9-53A2CE40F757}.Release|Any CPU.Build.0 = Release|Any CPU
		{3D5635B4-B8F3-4377-9461-444F05317EE8}.Debug|Any CPU.ActiveCfg = Debug|Any CPU
		{3D5635B4-B8F3-4377-9461-444F05317EE8}.Debug|Any CPU.Build.0 = Debug|Any CPU
		{3D5635B4-B8F3-4377-9461-444F05317EE8}.Release|Any CPU.ActiveCfg = Release|Any CPU
		{3D5635B4-B8F3-4377-9461-444F05317EE8}.Release|Any CPU.Build.0 = Release|Any CPU
	EndGlobalSection
	GlobalSection(SolutionProperties) = preSolution
		HideSolutionNode = FALSE
	EndGlobalSection
	GlobalSection(ExtensibilityGlobals) = postSolution
		SolutionGuid = {E649A44A-6F73-4B93-B688-F84D3B31ED97}
	EndGlobalSection
EndGlobal
